hash: fa26583ea000fa666e6cf7afcdf2581dfdada3e2278e11211320faba407a0b8e
updated: 2018-12-24T10:46:27.486804+08:00
imports:
- name: github.com/astaxie/beego
  version: 1b6edafc96ad27b6515fafeccd7339dda3e997b1
  subpackages:
  - httplib
- name: github.com/go-playground/locales
  version: f63010822830b6fe52288ee52d5a1151088ce039
  subpackages:
  - currency
- name: github.com/go-playground/universal-translator
  version: 71201497bace774495daed26a3874fd339e0b538
- name: github.com/leodido/go-urn
  version: a67a23e1c1af3c66528573bb86a87246477277c1
- name: gopkg.in/go-playground/validator.v9
  version: 0277b12d53df79c9dbf7311cb07fa9c81ed621bb
- name: gopkg.in/yaml.v2
  version: 51d6538a90f86fe93ac480b35f37b2be17fef232
testImports: []
